
Microsoft Visual Studio Solution File, Format Version 12.00
# Visual Studio 2012
Project("{FAE04EC0-301F-11D3-BF4B-00C04F79EFBC}") = "simple-file-encryption", "simple-file-encryption\simple-file-encryption.csproj", "{7AF37C0E-E798-4773-8B29-411FAD3A1716}"
EndProject
Project("{FAE04EC0-301F-11D3-BF4B-00C04F79EFBC}") = "simple-file-encryption-tests", "simple-file-encryption-tests\simple-file-encryption-tests.csproj", "{F139E7CB-9797-47C8-A7F2-8FD7E0836A95}"
EndProject
Project("{2150E333-8FDC-42A3-9474-1A3956D46DE8}") = "Solution Items", "Solution Items", "{1A15AE2F-BC9E-45D1-B638-B37EF530FC15}"
	ProjectSection(SolutionItems) = preProject
		README.md = README.md
	EndProjectSection
EndProject
Global
	GlobalSection(SolutionConfigurationPlatforms) = preSolution
		Debug|Any CPU = Debug|Any CPU
		Release|Any CPU = Release|Any CPU
	EndGlobalSection
	GlobalSection(ProjectConfigurationPlatforms) = postSolution
		{7AF37C0E-E798-4773-8B29-411FAD3A1716}.Debug|Any CPU.ActiveCfg = Debug|Any CPU
		{7AF37C0E-E798-4773-8B29-411FAD3A1716}.Debug|Any CPU.Build.0 = Debug|Any CPU
		{7AF37C0E-E798-4773-8B29-411FAD3A1716}.Release|Any CPU.ActiveCfg = Release|Any CPU
		{7AF37C0E-E798-4773-8B29-411FAD3A1716}.Release|Any CPU.Build.0 = Release|Any CPU
		{F139E7CB-9797-47C8-A7F2-8FD7E0836A95}.Debug|Any CPU.ActiveCfg = Debug|Any CPU
		{F139E7CB-9797-47C8-A7F2-8FD7E0836A95}.Debug|Any CPU.Build.0 = Debug|Any CPU
		{F139E7CB-9797-47C8-A7F2-8FD7E0836A95}.Release|Any CPU.ActiveCfg = Release|Any CPU
		{F139E7CB-9797-47C8-A7F2-8FD7E0836A95}.Release|Any CPU.Build.0 = Release|Any CPU
	EndGlobalSection
	GlobalSection(SolutionProperties) = preSolution
		HideSolutionNode = FALSE
	EndGlobalSection
EndGlobal
